{
  "name": "bs-react-head",
  "version": "0.1.4",
  "lockfileVersion": 1,
  "requires": true,
  "dependencies": {
    "@babel/runtime": {
      "version": "7.1.2",
      "resolved": "https://registry.npmjs.org/@babel/runtime/-/runtime-7.1.2.tgz",
      "integrity": "sha512-Y3SCjmhSupzFB6wcv1KmmFucH6gDVnI30WjOcicV10ju0cZjak3Jcs67YLIXBrmZYw1xCrVeJPbycFwrqNyxpg==",
      "dev": true,
      "requires": {
        "regenerator-runtime": "^0.12.0"
      }
    },
    "bs-platform": {
      "version": "4.0.6",
      "resolved": "https://registry.npmjs.org/bs-platform/-/bs-platform-4.0.6.tgz",
      "integrity": "sha512-TrNzQFoV6opBYdUgcRdgQQ5f6JnKgotPFZORIjuHPtRlYgv37P6xVBTGfA4NlMCkHXHcPrL6JI63GyAcfq+qpg==",
      "dev": true
    },
    "js-tokens": {
      "version": "4.0.0",
      "resolved": "https://registry.npmjs.org/js-tokens/-/js-tokens-4.0.0.tgz",
      "integrity": "sha512-RdJUflcE3cUzKiMqQgsCu06FPu9UdIJO0beYbPhHN4k6apgJtifcoCtT9bcxOpYBtpD2kCM6Sbzg4CausW/PKQ==",
      "dev": true
    },
    "loose-envify": {
      "version": "1.4.0",
      "resolved": "https://registry.npmjs.org/loose-envify/-/loose-envify-1.4.0.tgz",
      "integrity": "sha512-lyuxPGr/Wfhrlem2CL/UcnUc1zcqKAImBDzukY7Y5F/yQiNdko6+fRLevlw1HgMySw7f611UIY408EtxRSoK3Q==",
      "dev": true,
      "requires": {
        "js-tokens": "^3.0.0 || ^4.0.0"
      }
    },
    "object-assign": {
      "version": "4.1.1",
      "resolved": "https://registry.npmjs.org/object-assign/-/object-assign-4.1.1.tgz",
      "integrity": "sha1-IQmtx5ZYh8/AXLvUQsrIv7s2CGM=",
      "dev": true
    },
    "prop-types": {
      "version": "15.6.2",
      "resolved": "https://registry.npmjs.org/prop-types/-/prop-types-15.6.2.tgz",
      "integrity": "sha512-3pboPvLiWD7dkI3qf3KbUe6hKFKa52w+AE0VCqECtf+QHAKgOL37tTaNCnuX1nAAQ4ZhyP+kYVKf8rLmJ/feDQ==",
      "dev": true,
      "requires": {
        "loose-envify": "^1.3.1",
        "object-assign": "^4.1.1"
      }
    },
    "react": {
      "version": "16.5.2",
      "resolved": "https://registry.npmjs.org/react/-/react-16.5.2.tgz",
      "integrity": "sha512-FDCSVd3DjVTmbEAjUNX6FgfAmQ+ypJfHUsqUJOYNCBUp1h8lqmtC+0mXJ+JjsWx4KAVTkk1vKd1hLQPvEviSuw==",
      "dev": true,
      "requires": {
        "loose-envify": "^1.1.0",
        "object-assign": "^4.1.1",
        "prop-types": "^15.6.2",
        "schedule": "^0.5.0"
      }
    },
    "react-dom": {
      "version": "16.5.2",
      "resolved": "https://registry.npmjs.org/react-dom/-/react-dom-16.5.2.tgz",
      "integrity": "sha512-RC8LDw8feuZOHVgzEf7f+cxBr/DnKdqp56VU0lAs1f4UfKc4cU8wU4fTq/mgnvynLQo8OtlPC19NUFh/zjZPuA==",
      "dev": true,
      "requires": {
        "loose-envify": "^1.1.0",
        "object-assign": "^4.1.1",
        "prop-types": "^15.6.2",
        "schedule": "^0.5.0"
      }
    },
    "react-head": {
      "version": "3.0.1",
      "resolved": "https://registry.npmjs.org/react-head/-/react-head-3.0.1.tgz",
      "integrity": "sha512-GTblZjkKp17JhPKJWeK1Ogu2KXL+xVKB/+riYch97UiIfesP+/f4qexF+qb6a+KyiZJz2Sn+quHJRna2SoPToA==",
      "dev": true,
      "requires": {
        "@babel/runtime": "^7.0.0",
        "tiny-invariant": "^1.0.0"
      }
    },
    "reason-react": {
      "version": "0.5.3",
      "resolved": "https://registry.npmjs.org/reason-react/-/reason-react-0.5.3.tgz",
      "integrity": "sha512-dUkoqXrP/gOjkmkW+k/otEUP+yeXH5+QfdxNT5EW60MXM3zbCdFhbNzKBbjYOZ6x96UbxK869CObjX04BdJEDg==",
      "dev": true,
      "requires": {
        "react": ">=15.0.0 || >=16.0.0",
        "react-dom": ">=15.0.0 || >=16.0.0"
      }
    },
    "regenerator-runtime": {
      "version": "0.12.1",
      "resolved": "https://registry.npmjs.org/regenerator-runtime/-/regenerator-runtime-0.12.1.tgz",
      "integrity": "sha512-odxIc1/vDlo4iZcfXqRYFj0vpXFNoGdKMAUieAlFYO6m/nl5e9KR/beGf41z4a1FI+aQgtjhuaSlDxQ0hmkrHg==",
      "dev": true
    },
    "schedule": {
      "version": "0.5.0",
      "resolved": "https://registry.npmjs.org/schedule/-/schedule-0.5.0.tgz",
      "integrity": "sha512-HUcJicG5Ou8xfR//c2rPT0lPIRR09vVvN81T9fqfVgBmhERUbDEQoYKjpBxbueJnCPpSu2ujXzOnRQt6x9o/jw==",
      "dev": true,
      "requires": {
        "object-assign": "^4.1.1"
      }
    },
    "tiny-invariant": {
      "version": "1.0.1",
      "resolved": "https://registry.npmjs.org/tiny-invariant/-/tiny-invariant-1.0.1.tgz",
      "integrity": "sha512-avcKCNM2yJqD33H/WJLgIu3QNRXFOjARGJSdLi8IpKESCyhm67vyPWTRjnIbX2uI/pn52tqYcao333R3PBVhbQ==",
      "dev": true
    }
  }
}
